
Microsoft Visual Studio Solution File, Format Version 12.00
# Visual Studio 14
VisualStudioVersion = 14.0.25420.1
MinimumVisualStudioVersion = 10.0.40219.1
Project("{FAE04EC0-301F-11D3-BF4B-00C04F79EFBC}") = "EjTecso", "EjTecso\EjTecso.csproj", "{C6772140-A61E-4AEE-BCB7-F460BEDE168D}"
EndProject
Project("{FAE04EC0-301F-11D3-BF4B-00C04F79EFBC}") = "EjTecso.ej3", "EjTecso.ej3\EjTecso.ej3.csproj", "{1657AA5F-BDC5-49AF-B2C8-D3C6344A9C2D}"
EndProject
Global
	GlobalSection(SolutionConfigurationPlatforms) = preSolution
		Debug|Any CPU = Debug|Any CPU
		Release|Any CPU = Release|Any CPU
	EndGlobalSection
	GlobalSection(ProjectConfigurationPlatforms) = postSolution
		{C6772140-A61E-4AEE-BCB7-F460BEDE168D}.Debug|Any CPU.ActiveCfg = Debug|Any CPU
		{C6772140-A61E-4AEE-BCB7-F460BEDE168D}.Debug|Any CPU.Build.0 = Debug|Any CPU
		{C6772140-A61E-4AEE-BCB7-F460BEDE168D}.Release|Any CPU.ActiveCfg = Release|Any CPU
		{C6772140-A61E-4AEE-BCB7-F460BEDE168D}.Release|Any CPU.Build.0 = Release|Any CPU
		{1657AA5F-BDC5-49AF-B2C8-D3C6344A9C2D}.Debug|Any CPU.ActiveCfg = Debug|Any CPU
		{1657AA5F-BDC5-49AF-B2C8-D3C6344A9C2D}.Debug|Any CPU.Build.0 = Debug|Any CPU
		{1657AA5F-BDC5-49AF-B2C8-D3C6344A9C2D}.Release|Any CPU.ActiveCfg = Release|Any CPU
		{1657AA5F-BDC5-49AF-B2C8-D3C6344A9C2D}.Release|Any CPU.Build.0 = Release|Any CPU
	EndGlobalSection
	GlobalSection(SolutionProperties) = preSolution
		HideSolutionNode = FALSE
	EndGlobalSection
EndGlobal
